
Microsoft Visual Studio Solution File, Format Version 12.00
Project("{FAE04EC0-301F-11D3-BF4B-00C04F79EFBC}") = "PacktLibrary", "PacktLibrary\PacktLibrary.csproj", "{47D62876-9E51-41A8-8C8E-340D7CEE51B5}"
EndProject
Project("{FAE04EC0-301F-11D3-BF4B-00C04F79EFBC}") = "PeopleApp", "PeopleApp\PeopleApp.csproj", "{FA3697F6-44AA-4115-B86E-B4D22DDFD733}"
EndProject
Project("{FAE04EC0-301F-11D3-BF4B-00C04F79EFBC}") = "NullHandling", "NullHandling\NullHandling.csproj", "{20276736-196A-438C-9017-5F2AC64F0EA6}"
EndProject
Global
	GlobalSection(SolutionConfigurationPlatforms) = preSolution
		Debug|Any CPU = Debug|Any CPU
		Release|Any CPU = Release|Any CPU
	EndGlobalSection
	GlobalSection(ProjectConfigurationPlatforms) = postSolution
		{47D62876-9E51-41A8-8C8E-340D7CEE51B5}.Debug|Any CPU.ActiveCfg = Debug|Any CPU
		{47D62876-9E51-41A8-8C8E-340D7CEE51B5}.Debug|Any CPU.Build.0 = Debug|Any CPU
		{47D62876-9E51-41A8-8C8E-340D7CEE51B5}.Release|Any CPU.ActiveCfg = Release|Any CPU
		{47D62876-9E51-41A8-8C8E-340D7CEE51B5}.Release|Any CPU.Build.0 = Release|Any CPU
		{FA3697F6-44AA-4115-B86E-B4D22DDFD733}.Debug|Any CPU.ActiveCfg = Debug|Any CPU
		{FA3697F6-44AA-4115-B86E-B4D22DDFD733}.Debug|Any CPU.Build.0 = Debug|Any CPU
		{FA3697F6-44AA-4115-B86E-B4D22DDFD733}.Release|Any CPU.ActiveCfg = Release|Any CPU
		{FA3697F6-44AA-4115-B86E-B4D22DDFD733}.Release|Any CPU.Build.0 = Release|Any CPU
		{20276736-196A-438C-9017-5F2AC64F0EA6}.Debug|Any CPU.ActiveCfg = Debug|Any CPU
		{20276736-196A-438C-9017-5F2AC64F0EA6}.Debug|Any CPU.Build.0 = Debug|Any CPU
		{20276736-196A-438C-9017-5F2AC64F0EA6}.Release|Any CPU.ActiveCfg = Release|Any CPU
		{20276736-196A-438C-9017-5F2AC64F0EA6}.Release|Any CPU.Build.0 = Release|Any CPU
	EndGlobalSection
EndGlobal
