
Microsoft Visual Studio Solution File, Format Version 12.00
Project("{FAE04EC0-301F-11D3-BF4B-00C04F79EFBC}") = "LinqWithObjects", "LinqWithObjects\LinqWithObjects.csproj", "{7F138616-82EF-4888-8F2A-371FB07742BF}"
EndProject
Project("{FAE04EC0-301F-11D3-BF4B-00C04F79EFBC}") = "LinqWithEFCore", "LinqWithEFCore\LinqWithEFCore.csproj", "{512582B3-A4A5-4C94-A1B6-905D3D051104}"
EndProject
Project("{FAE04EC0-301F-11D3-BF4B-00C04F79EFBC}") = "Ch11Ex02LinqQueries", "Ch11Ex02LinqQueries\Ch11Ex02LinqQueries.csproj", "{5A302472-C31D-4D31-A772-F4F23B8EEFD7}"
EndProject
Global
	GlobalSection(SolutionConfigurationPlatforms) = preSolution
		Debug|Any CPU = Debug|Any CPU
		Release|Any CPU = Release|Any CPU
	EndGlobalSection
	GlobalSection(ProjectConfigurationPlatforms) = postSolution
		{7F138616-82EF-4888-8F2A-371FB07742BF}.Debug|Any CPU.ActiveCfg = Debug|Any CPU
		{7F138616-82EF-4888-8F2A-371FB07742BF}.Debug|Any CPU.Build.0 = Debug|Any CPU
		{7F138616-82EF-4888-8F2A-371FB07742BF}.Release|Any CPU.ActiveCfg = Release|Any CPU
		{7F138616-82EF-4888-8F2A-371FB07742BF}.Release|Any CPU.Build.0 = Release|Any CPU
		{512582B3-A4A5-4C94-A1B6-905D3D051104}.Debug|Any CPU.ActiveCfg = Debug|Any CPU
		{512582B3-A4A5-4C94-A1B6-905D3D051104}.Debug|Any CPU.Build.0 = Debug|Any CPU
		{512582B3-A4A5-4C94-A1B6-905D3D051104}.Release|Any CPU.ActiveCfg = Release|Any CPU
		{512582B3-A4A5-4C94-A1B6-905D3D051104}.Release|Any CPU.Build.0 = Release|Any CPU
		{5A302472-C31D-4D31-A772-F4F23B8EEFD7}.Debug|Any CPU.ActiveCfg = Debug|Any CPU
		{5A302472-C31D-4D31-A772-F4F23B8EEFD7}.Debug|Any CPU.Build.0 = Debug|Any CPU
		{5A302472-C31D-4D31-A772-F4F23B8EEFD7}.Release|Any CPU.ActiveCfg = Release|Any CPU
		{5A302472-C31D-4D31-A772-F4F23B8EEFD7}.Release|Any CPU.Build.0 = Release|Any CPU
	EndGlobalSection
EndGlobal
