
Microsoft Visual Studio Solution File, Format Version 12.00
Project("{FAE04EC0-301F-11D3-BF4B-00C04F79EFBC}") = "PacktLibraryNetStandard2", "PacktLibraryNetStandard2\PacktLibraryNetStandard2.csproj", "{0FE4A14A-D2FA-4E6C-88E8-0BB8A9A5E084}"
EndProject
Project("{FAE04EC0-301F-11D3-BF4B-00C04F79EFBC}") = "PeopleApp", "PeopleApp\PeopleApp.csproj", "{BF3EF497-A227-4982-AE2E-EF28F40E9A46}"
EndProject
Project("{FAE04EC0-301F-11D3-BF4B-00C04F79EFBC}") = "PacktLibraryModern", "PacktLibraryModern\PacktLibraryModern.csproj", "{EEE04AE9-259A-4A66-A5DC-E9043CA104CC}"
EndProject
Global
	GlobalSection(SolutionConfigurationPlatforms) = preSolution
		Debug|Any CPU = Debug|Any CPU
		Release|Any CPU = Release|Any CPU
	EndGlobalSection
	GlobalSection(ProjectConfigurationPlatforms) = postSolution
		{0FE4A14A-D2FA-4E6C-88E8-0BB8A9A5E084}.Debug|Any CPU.ActiveCfg = Debug|Any CPU
		{0FE4A14A-D2FA-4E6C-88E8-0BB8A9A5E084}.Debug|Any CPU.Build.0 = Debug|Any CPU
		{0FE4A14A-D2FA-4E6C-88E8-0BB8A9A5E084}.Release|Any CPU.ActiveCfg = Release|Any CPU
		{0FE4A14A-D2FA-4E6C-88E8-0BB8A9A5E084}.Release|Any CPU.Build.0 = Release|Any CPU
		{BF3EF497-A227-4982-AE2E-EF28F40E9A46}.Debug|Any CPU.ActiveCfg = Debug|Any CPU
		{BF3EF497-A227-4982-AE2E-EF28F40E9A46}.Debug|Any CPU.Build.0 = Debug|Any CPU
		{BF3EF497-A227-4982-AE2E-EF28F40E9A46}.Release|Any CPU.ActiveCfg = Release|Any CPU
		{BF3EF497-A227-4982-AE2E-EF28F40E9A46}.Release|Any CPU.Build.0 = Release|Any CPU
		{EEE04AE9-259A-4A66-A5DC-E9043CA104CC}.Debug|Any CPU.ActiveCfg = Debug|Any CPU
		{EEE04AE9-259A-4A66-A5DC-E9043CA104CC}.Debug|Any CPU.Build.0 = Debug|Any CPU
		{EEE04AE9-259A-4A66-A5DC-E9043CA104CC}.Release|Any CPU.ActiveCfg = Release|Any CPU
		{EEE04AE9-259A-4A66-A5DC-E9043CA104CC}.Release|Any CPU.Build.0 = Release|Any CPU
	EndGlobalSection
EndGlobal
